
Microsoft Visual Studio Solution File, Format Version 12.00
# Visual Studio 2012
Project("{FAE04EC0-301F-11D3-BF4B-00C04F79EFBC}") = "Sample", "Sample\Sample\Sample.csproj", "{7AA40855-5CF2-4D6E-9286-829C790C6AC6}"
EndProject
Project("{FAE04EC0-301F-11D3-BF4B-00C04F79EFBC}") = "Sample.Android", "Sample\Sample.Android\Sample.Android.csproj", "{C5F4C481-7600-4ECC-BAE8-B1B64961F238}"
EndProject
Project("{FAE04EC0-301F-11D3-BF4B-00C04F79EFBC}") = "Sample.iOS", "Sample\Sample.iOS\Sample.iOS.csproj", "{DBDA3354-FED1-40BC-B0CE-B36E289AD716}"
EndProject
Global
	GlobalSection(SolutionConfigurationPlatforms) = preSolution
		Debug|Any CPU = Debug|Any CPU
		Release|Any CPU = Release|Any CPU
		Debug|iPhoneSimulator = Debug|iPhoneSimulator
		Release|iPhoneSimulator = Release|iPhoneSimulator
		Debug|iPhone = Debug|iPhone
		Release|iPhone = Release|iPhone
		Ad-Hoc|iPhone = Ad-Hoc|iPhone
		AppStore|iPhone = AppStore|iPhone
	EndGlobalSection
	GlobalSection(ProjectConfigurationPlatforms) = postSolution
		{7AA40855-5CF2-4D6E-9286-829C790C6AC6}.Debug|Any CPU.ActiveCfg = Debug|Any CPU
		{7AA40855-5CF2-4D6E-9286-829C790C6AC6}.Debug|Any CPU.Build.0 = Debug|Any CPU
		{7AA40855-5CF2-4D6E-9286-829C790C6AC6}.Release|Any CPU.ActiveCfg = Release|Any CPU
		{7AA40855-5CF2-4D6E-9286-829C790C6AC6}.Release|Any CPU.Build.0 = Release|Any CPU
		{7AA40855-5CF2-4D6E-9286-829C790C6AC6}.Debug|iPhoneSimulator.ActiveCfg = Debug|Any CPU
		{7AA40855-5CF2-4D6E-9286-829C790C6AC6}.Debug|iPhoneSimulator.Build.0 = Debug|Any CPU
		{7AA40855-5CF2-4D6E-9286-829C790C6AC6}.Release|iPhoneSimulator.ActiveCfg = Release|Any CPU
		{7AA40855-5CF2-4D6E-9286-829C790C6AC6}.Release|iPhoneSimulator.Build.0 = Release|Any CPU
		{7AA40855-5CF2-4D6E-9286-829C790C6AC6}.Debug|iPhone.ActiveCfg = Debug|Any CPU
		{7AA40855-5CF2-4D6E-9286-829C790C6AC6}.Debug|iPhone.Build.0 = Debug|Any CPU
		{7AA40855-5CF2-4D6E-9286-829C790C6AC6}.Release|iPhone.ActiveCfg = Release|Any CPU
		{7AA40855-5CF2-4D6E-9286-829C790C6AC6}.Release|iPhone.Build.0 = Release|Any CPU
		{7AA40855-5CF2-4D6E-9286-829C790C6AC6}.Ad-Hoc|iPhone.ActiveCfg = Debug|Any CPU
		{7AA40855-5CF2-4D6E-9286-829C790C6AC6}.Ad-Hoc|iPhone.Build.0 = Debug|Any CPU
		{7AA40855-5CF2-4D6E-9286-829C790C6AC6}.AppStore|iPhone.ActiveCfg = Debug|Any CPU
		{7AA40855-5CF2-4D6E-9286-829C790C6AC6}.AppStore|iPhone.Build.0 = Debug|Any CPU
		{C5F4C481-7600-4ECC-BAE8-B1B64961F238}.Debug|Any CPU.ActiveCfg = Debug|Any CPU
		{C5F4C481-7600-4ECC-BAE8-B1B64961F238}.Debug|Any CPU.Build.0 = Debug|Any CPU
		{C5F4C481-7600-4ECC-BAE8-B1B64961F238}.Release|Any CPU.ActiveCfg = Release|Any CPU
		{C5F4C481-7600-4ECC-BAE8-B1B64961F238}.Release|Any CPU.Build.0 = Release|Any CPU
		{C5F4C481-7600-4ECC-BAE8-B1B64961F238}.Debug|iPhoneSimulator.ActiveCfg = Debug|Any CPU
		{C5F4C481-7600-4ECC-BAE8-B1B64961F238}.Debug|iPhoneSimulator.Build.0 = Debug|Any CPU
		{C5F4C481-7600-4ECC-BAE8-B1B64961F238}.Release|iPhoneSimulator.ActiveCfg = Release|Any CPU
		{C5F4C481-7600-4ECC-BAE8-B1B64961F238}.Release|iPhoneSimulator.Build.0 = Release|Any CPU
		{C5F4C481-7600-4ECC-BAE8-B1B64961F238}.Debug|iPhone.ActiveCfg = Debug|Any CPU
		{C5F4C481-7600-4ECC-BAE8-B1B64961F238}.Debug|iPhone.Build.0 = Debug|Any CPU
		{C5F4C481-7600-4ECC-BAE8-B1B64961F238}.Release|iPhone.ActiveCfg = Release|Any CPU
		{C5F4C481-7600-4ECC-BAE8-B1B64961F238}.Release|iPhone.Build.0 = Release|Any CPU
		{C5F4C481-7600-4ECC-BAE8-B1B64961F238}.Ad-Hoc|iPhone.ActiveCfg = Debug|Any CPU
		{C5F4C481-7600-4ECC-BAE8-B1B64961F238}.Ad-Hoc|iPhone.Build.0 = Debug|Any CPU
		{C5F4C481-7600-4ECC-BAE8-B1B64961F238}.AppStore|iPhone.ActiveCfg = Debug|Any CPU
		{C5F4C481-7600-4ECC-BAE8-B1B64961F238}.AppStore|iPhone.Build.0 = Debug|Any CPU
		{DBDA3354-FED1-40BC-B0CE-B36E289AD716}.Debug|Any CPU.ActiveCfg = Debug|iPhoneSimulator
		{DBDA3354-FED1-40BC-B0CE-B36E289AD716}.Debug|Any CPU.Build.0 = Debug|iPhoneSimulator
		{DBDA3354-FED1-40BC-B0CE-B36E289AD716}.Release|Any CPU.ActiveCfg = Release|iPhoneSimulator
		{DBDA3354-FED1-40BC-B0CE-B36E289AD716}.Release|Any CPU.Build.0 = Release|iPhoneSimulator
		{DBDA3354-FED1-40BC-B0CE-B36E289AD716}.Debug|iPhoneSimulator.ActiveCfg = Debug|iPhoneSimulator
		{DBDA3354-FED1-40BC-B0CE-B36E289AD716}.Debug|iPhoneSimulator.Build.0 = Debug|iPhoneSimulator
		{DBDA3354-FED1-40BC-B0CE-B36E289AD716}.Release|iPhoneSimulator.ActiveCfg = Release|iPhoneSimulator
		{DBDA3354-FED1-40BC-B0CE-B36E289AD716}.Release|iPhoneSimulator.Build.0 = Release|iPhoneSimulator
		{DBDA3354-FED1-40BC-B0CE-B36E289AD716}.Debug|iPhone.ActiveCfg = Debug|iPhone
		{DBDA3354-FED1-40BC-B0CE-B36E289AD716}.Debug|iPhone.Build.0 = Debug|iPhone
		{DBDA3354-FED1-40BC-B0CE-B36E289AD716}.Release|iPhone.ActiveCfg = Release|iPhone
		{DBDA3354-FED1-40BC-B0CE-B36E289AD716}.Release|iPhone.Build.0 = Release|iPhone
		{DBDA3354-FED1-40BC-B0CE-B36E289AD716}.Ad-Hoc|iPhone.ActiveCfg = Ad-Hoc|iPhone
		{DBDA3354-FED1-40BC-B0CE-B36E289AD716}.Ad-Hoc|iPhone.Build.0 = Ad-Hoc|iPhone
		{DBDA3354-FED1-40BC-B0CE-B36E289AD716}.AppStore|iPhone.ActiveCfg = AppStore|iPhone
		{DBDA3354-FED1-40BC-B0CE-B36E289AD716}.AppStore|iPhone.Build.0 = AppStore|iPhone
	EndGlobalSection
EndGlobal
